
Microsoft Visual Studio Solution File, Format Version 12.00
# Visual Studio Version 16
VisualStudioVersion = 16.0.29613.14
MinimumVisualStudioVersion = 10.0.40219.1
Project("{9A19103F-16F7-4668-BE54-9A1E7A4F7556}") = "ConsoleApp1", "ConsoleApp1\ConsoleApp1.csproj", "{234BA5BA-DF56-4C44-B72B-3F1CA509B587}"
EndProject
Project("{9A19103F-16F7-4668-BE54-9A1E7A4F7556}") = "codegeneration.trackable.example", "codegeneration.trackable.example\codegeneration.trackable.example.csproj", "{BFCF8D52-A1E1-4313-AF6B-8D1C1022BD94}"
EndProject
Project("{FAE04EC0-301F-11D3-BF4B-00C04F79EFBC}") = "PureHBS", "PureHBS\PureHBS.csproj", "{DDBF0D7B-54CF-421C-BFB3-D07A362EE6EC}"
EndProject
Global
	GlobalSection(SolutionConfigurationPlatforms) = preSolution
		Debug|Any CPU = Debug|Any CPU
		Release|Any CPU = Release|Any CPU
	EndGlobalSection
	GlobalSection(ProjectConfigurationPlatforms) = postSolution
		{234BA5BA-DF56-4C44-B72B-3F1CA509B587}.Debug|Any CPU.ActiveCfg = Debug|Any CPU
		{234BA5BA-DF56-4C44-B72B-3F1CA509B587}.Debug|Any CPU.Build.0 = Debug|Any CPU
		{234BA5BA-DF56-4C44-B72B-3F1CA509B587}.Release|Any CPU.ActiveCfg = Release|Any CPU
		{234BA5BA-DF56-4C44-B72B-3F1CA509B587}.Release|Any CPU.Build.0 = Release|Any CPU
		{BFCF8D52-A1E1-4313-AF6B-8D1C1022BD94}.Debug|Any CPU.ActiveCfg = Debug|Any CPU
		{BFCF8D52-A1E1-4313-AF6B-8D1C1022BD94}.Debug|Any CPU.Build.0 = Debug|Any CPU
		{BFCF8D52-A1E1-4313-AF6B-8D1C1022BD94}.Release|Any CPU.ActiveCfg = Release|Any CPU
		{BFCF8D52-A1E1-4313-AF6B-8D1C1022BD94}.Release|Any CPU.Build.0 = Release|Any CPU
		{DDBF0D7B-54CF-421C-BFB3-D07A362EE6EC}.Debug|Any CPU.ActiveCfg = Debug|Any CPU
		{DDBF0D7B-54CF-421C-BFB3-D07A362EE6EC}.Debug|Any CPU.Build.0 = Debug|Any CPU
		{DDBF0D7B-54CF-421C-BFB3-D07A362EE6EC}.Release|Any CPU.ActiveCfg = Release|Any CPU
		{DDBF0D7B-54CF-421C-BFB3-D07A362EE6EC}.Release|Any CPU.Build.0 = Release|Any CPU
	EndGlobalSection
	GlobalSection(SolutionProperties) = preSolution
		HideSolutionNode = FALSE
	EndGlobalSection
	GlobalSection(ExtensibilityGlobals) = postSolution
		SolutionGuid = {BD058ED7-CB61-457B-96F9-2907974B5E98}
	EndGlobalSection
EndGlobal
